{
  "R": {
    "Version": "4.5.2",
    "Repositories": [
      {
        "Name": "CRAN",
        "URL": "https://cran.rstudio.com"
      }
    ]
  },
  "Packages": {
    "DBI": {
      "Package": "DBI",
      "Version": "1.3.0",
      "Source": "Repository",
      "Repository": "CRAN",
      "Hash": "dbfa2adb83f8063640982459e153f650",
      "Requirements": []
    },
    "KernSmooth": {
      "Package": "KernSmooth",
      "Version": "2.23-26",
      "Source": "Repository",
      "Repository": "CRAN",
      "Hash": "2fb39782c07b5ad422b0448ae83f64c4",
      "Requirements": []
    },
    "MASS": {
      "Package": "MASS",
      "Version": "7.3-65",
      "Source": "Repository",
      "Repository": "CRAN",
      "Hash": "a41d0fc833ea756a1136b60a437efe26",
      "Requirements": []
    },
    "R6": {
      "Package": "R6",
      "Version": "2.6.1",
      "Source": "CRAN",
      "Repository": "CRAN",
      "RemoteType": "standard",
      "RemotePkgRef": "R6",
      "RemoteRef": "R6",
      "RemoteRepos": "https://cran.rstudio.com",
      "RemotePkgPlatform": "aarch64-apple-darwin20",
      "RemoteSha": "2.6.1",
      "Hash": "d4335fe7207f1c01ab8c41762f5840d4",
      "Requirements": []
    },
    "Rcpp": {
      "Package": "Rcpp",
      "Version": "1.1.1-1.1",
      "Source": "Repository",
      "Repository": "CRAN",
      "Hash": "8842cfd023a523ec9e011b9e4aab50ef",
      "Requirements": []
    },
    "bit": {
      "Package": "bit",
      "Version": "4.6.0",
      "Source": "CRAN",
      "Repository": "CRAN",
      "RemoteType": "standard",
      "RemotePkgRef": "bit",
      "RemoteRef": "bit",
      "RemoteRepos": "https://cran.rstudio.com",
      "RemotePkgPlatform": "aarch64-apple-darwin20",
      "RemoteSha": "4.6.0",
      "Hash": "ebe86ffd194564abdc895d87742d5a29",
      "Requirements": []
    },
    "bit64": {
      "Package": "bit64",
      "Version": "4.6.0-1",
      "Source": "CRAN",
      "Repository": "CRAN",
      "RemoteType": "standard",
      "RemotePkgRef": "bit64",
      "RemoteRef": "bit64",
      "RemoteRepos": "https://cran.rstudio.com",
      "RemotePkgPlatform": "aarch64-apple-darwin20",
      "RemoteSha": "4.6.0-1",
      "Hash": "4f572fbc586294afff277db583b9060f",
      "Requirements": [
        "bit"
      ]
    },
    "class": {
      "Package": "class",
      "Version": "7.3-23",
      "Source": "Repository",
      "Repository": "CRAN",
      "Hash": "d0cb9cc838c3b43560bd958fc4317fdc",
      "Requirements": [
        "MASS"
      ]
    },
    "classInt": {
      "Package": "classInt",
      "Version": "0.4-11",
      "Source": "CRAN",
      "Repository": "CRAN",
      "RemoteType": "standard",
      "RemotePkgRef": "classInt",
      "RemoteRef": "classInt",
      "RemoteRepos": "https://cran.rstudio.com",
      "RemotePkgPlatform": "aarch64-apple-darwin20",
      "RemoteSha": "0.4-11",
      "Hash": "f2af70314a63d7f025ae668f08bd933a",
      "Requirements": [
        "KernSmooth",
        "class",
        "e1071"
      ]
    },
    "cli": {
      "Package": "cli",
      "Version": "3.6.6",
      "Source": "Repository",
      "Repository": "CRAN",
      "Hash": "a73d822b669d443ff8de6928f9c49850",
      "Requirements": []
    },
    "clipr": {
      "Package": "clipr",
      "Version": "0.8.0",
      "Source": "CRAN",
      "Repository": "CRAN",
      "RemoteType": "standard",
      "RemotePkgRef": "clipr",
      "RemoteRef": "clipr",
      "RemoteRepos": "https://cran.rstudio.com",
      "RemotePkgPlatform": "aarch64-apple-darwin20",
      "RemoteSha": "0.8.0",
      "Hash": "3f038e5ac7f41d4ac41ce658c85e3042",
      "Requirements": []
    },
    "cpp11": {
      "Package": "cpp11",
      "Version": "0.5.4",
      "Source": "Repository",
      "Repository": "CRAN",
      "Hash": "04ac7bc64258a9008e460e0bef38792c",
      "Requirements": []
    },
    "crayon": {
      "Package": "crayon",
      "Version": "1.5.3",
      "Source": "CRAN",
      "Repository": "CRAN",
      "RemoteType": "standard",
      "RemotePkgRef": "crayon",
      "RemoteRef": "crayon",
      "RemoteRepos": "https://cran.rstudio.com",
      "RemotePkgPlatform": "aarch64-apple-darwin20",
      "RemoteSha": "1.5.3",
      "Hash": "859d96e65ef198fd43e82b9628d593ef",
      "Requirements": []
    },
    "dht": {
      "Package": "dht",
      "Version": "1.2.3",
      "Source": "GitHub",
      "RemoteType": "github",
      "RemoteHost": "api.github.com",
      "RemoteRepo": "dht",
      "RemoteUsername": "degauss-org",
      "RemotePkgRef": "degauss-org/dht",
      "RemoteRef": "HEAD",
      "RemoteSha": "f0b59bbb91697a55074d065642ed012b652e7d31",
      "Hash": "49d6666f5b5ce57160ff673d4f8e48e6",
      "Requirements": [
        "cli",
        "dplyr",
        "fs",
        "glue",
        "magrittr",
        "prettyunits",
        "ps",
        "purrr",
        "readr",
        "stringr",
        "tidyr",
        "tidyselect",
        "whisker",
        "withr"
      ]
    },
    "docopt": {
      "Package": "docopt",
      "Version": "0.7.2",
      "Source": "Repository",
      "Repository": "CRAN",
      "Hash": "3b3c916cea81925e8f468e56859864c5",
      "Requirements": []
    },
    "dplyr": {
      "Package": "dplyr",
      "Version": "1.2.1",
      "Source": "Repository",
      "Repository": "CRAN",
      "Hash": "d71f190466b9496cf8543c76641be5cf",
      "Requirements": [
        "R6",
        "cli",
        "generics",
        "glue",
        "lifecycle",
        "magrittr",
        "pillar",
        "rlang",
        "tibble",
        "tidyselect",
        "vctrs"
      ]
    },
    "e1071": {
      "Package": "e1071",
      "Version": "1.7-17",
      "Source": "CRAN",
      "Repository": "CRAN",
      "RemoteType": "standard",
      "RemotePkgRef": "e1071",
      "RemoteRef": "e1071",
      "RemoteRepos": "https://cran.rstudio.com",
      "RemotePkgPlatform": "aarch64-apple-darwin20",
      "RemoteSha": "1.7-17",
      "Hash": "9d516dde384526d4784166f888cd2c6c",
      "Requirements": [
        "class",
        "proxy"
      ]
    },
    "fs": {
      "Package": "fs",
      "Version": "2.1.0",
      "Source": "Repository",
      "Repository": "CRAN",
      "Hash": "09278623bca442bc53b0940ffa2f6d87",
      "Requirements": []
    },
    "generics": {
      "Package": "generics",
      "Version": "0.1.4",
      "Source": "CRAN",
      "Repository": "CRAN",
      "RemoteType": "standard",
      "RemotePkgRef": "generics",
      "RemoteRef": "generics",
      "RemoteRepos": "https://cran.rstudio.com",
      "RemotePkgPlatform": "aarch64-apple-darwin20",
      "RemoteSha": "0.1.4",
      "Hash": "4b29bf698d0c7bdb9f1e4976e7ade41d",
      "Requirements": []
    },
    "glue": {
      "Package": "glue",
      "Version": "1.8.1",
      "Source": "Repository",
      "Repository": "CRAN",
      "Hash": "f8122473e9a49e00d0642f78235ca5e3",
      "Requirements": []
    },
    "hms": {
      "Package": "hms",
      "Version": "1.1.4",
      "Source": "CRAN",
      "Repository": "CRAN",
      "RemoteType": "standard",
      "RemotePkgRef": "hms",
      "RemoteRef": "hms",
      "RemoteRepos": "https://cran.rstudio.com",
      "RemotePkgPlatform": "aarch64-apple-darwin20",
      "RemoteSha": "1.1.4",
      "Hash": "2799ac720626cec589478b191e48b88b",
      "Requirements": [
        "cli",
        "lifecycle",
        "pkgconfig",
        "rlang",
        "vctrs"
      ]
    },
    "lifecycle": {
      "Package": "lifecycle",
      "Version": "1.0.5",
      "Source": "CRAN",
      "Repository": "CRAN",
      "RemoteType": "standard",
      "RemotePkgRef": "lifecycle",
      "RemoteRef": "lifecycle",
      "RemoteRepos": "https://cran.rstudio.com",
      "RemotePkgPlatform": "aarch64-apple-darwin20",
      "RemoteSha": "1.0.5",
      "Hash": "36dbfe4fba6c064db50a671a90297c85",
      "Requirements": [
        "cli",
        "rlang"
      ]
    },
    "magrittr": {
      "Package": "magrittr",
      "Version": "2.0.5",
      "Source": "Repository",
      "Repository": "CRAN",
      "Hash": "665e77ab6e5f37a7913226d40b324e37",
      "Requirements": []
    },
    "pillar": {
      "Package": "pillar",
      "Version": "1.11.1",
      "Source": "CRAN",
      "Repository": "CRAN",
      "RemoteType": "standard",
      "RemotePkgRef": "pillar",
      "RemoteRef": "pillar",
      "RemoteRepos": "https://cran.rstudio.com",
      "RemotePkgPlatform": "aarch64-apple-darwin20",
      "RemoteSha": "1.11.1",
      "Hash": "1395e64f2689ffd503657778e810cee2",
      "Requirements": [
        "cli",
        "glue",
        "lifecycle",
        "rlang",
        "utf8",
        "vctrs"
      ]
    },
    "pkgconfig": {
      "Package": "pkgconfig",
      "Version": "2.0.3",
      "Source": "CRAN",
      "Repository": "CRAN",
      "RemoteType": "standard",
      "RemotePkgRef": "pkgconfig",
      "RemoteRef": "pkgconfig",
      "RemoteRepos": "https://cran.rstudio.com",
      "RemotePkgPlatform": "aarch64-apple-darwin20",
      "RemoteSha": "2.0.3",
      "Hash": "01f28d4278f15c76cddbea05899c5d6f",
      "Requirements": []
    },
    "prettyunits": {
      "Package": "prettyunits",
      "Version": "1.2.0",
      "Source": "CRAN",
      "Repository": "CRAN",
      "RemoteType": "standard",
      "RemotePkgRef": "prettyunits",
      "RemoteRef": "prettyunits",
      "RemoteRepos": "https://cran.rstudio.com",
      "RemotePkgPlatform": "aarch64-apple-darwin20",
      "RemoteSha": "1.2.0",
      "Hash": "6b01fc98b1e86c4f705ce9dcfd2f57c7",
      "Requirements": []
    },
    "progress": {
      "Package": "progress",
      "Version": "1.2.3",
      "Source": "Repository",
      "Repository": "CRAN",
      "Hash": "f4625e061cb2865f111b47ff163a5ca6",
      "Requirements": [
        "R6",
        "crayon",
        "hms",
        "prettyunits"
      ]
    },
    "proxy": {
      "Package": "proxy",
      "Version": "0.4-29",
      "Source": "CRAN",
      "Repository": "CRAN",
      "RemoteType": "standard",
      "RemotePkgRef": "proxy",
      "RemoteRef": "proxy",
      "RemoteRepos": "https://cran.rstudio.com",
      "RemotePkgPlatform": "aarch64-apple-darwin20",
      "RemoteSha": "0.4-29",
      "Hash": "b6c826e897b46b163c51a3b990113a21",
      "Requirements": []
    },
    "ps": {
      "Package": "ps",
      "Version": "1.9.1",
      "Source": "CRAN",
      "Repository": "CRAN",
      "RemoteType": "standard",
      "RemotePkgRef": "ps",
      "RemoteRef": "ps",
      "RemoteRepos": "https://cran.rstudio.com",
      "RemotePkgPlatform": "aarch64-apple-darwin20",
      "RemoteSha": "1.9.1",
      "Hash": "093688087b0bacce6ba2f661f36328e2",
      "Requirements": []
    },
    "purrr": {
      "Package": "purrr",
      "Version": "1.2.2",
      "Source": "Repository",
      "Repository": "CRAN",
      "Hash": "0a35605539b085a4828ec55ad973fe60",
      "Requirements": [
        "cli",
        "lifecycle",
        "magrittr",
        "rlang",
        "vctrs"
      ]
    },
    "readr": {
      "Package": "readr",
      "Version": "2.2.0",
      "Source": "Repository",
      "Repository": "CRAN",
      "Hash": "4425ad9e28b8e3351184ca2739995b87",
      "Requirements": [
        "R6",
        "cli",
        "clipr",
        "cpp11",
        "crayon",
        "glue",
        "hms",
        "lifecycle",
        "rlang",
        "tibble",
        "tzdb",
        "vroom",
        "withr"
      ]
    },
    "renv": {
      "Package": "renv",
      "Version": "0.15.4",
      "Source": "Repository",
      "Repository": "CRAN",
      "Hash": "c1078316e1d4f70275fc1ea60c0bc431",
      "Requirements": []
    },
    "rlang": {
      "Package": "rlang",
      "Version": "1.2.0",
      "Source": "Repository",
      "Repository": "CRAN",
      "Hash": "f88151fb9ca15e72dc351deb1328716e",
      "Requirements": []
    },
    "s2": {
      "Package": "s2",
      "Version": "1.1.9",
      "Source": "CRAN",
      "Repository": "CRAN",
      "RemoteType": "standard",
      "RemotePkgRef": "s2",
      "RemoteRef": "s2",
      "RemoteRepos": "https://cran.rstudio.com",
      "RemotePkgPlatform": "aarch64-apple-darwin20",
      "RemoteSha": "1.1.9",
      "Hash": "4e664a5d610d58f27ec196e96cdb7f6f",
      "Requirements": [
        "Rcpp",
        "wk"
      ]
    },
    "sf": {
      "Package": "sf",
      "Version": "1.1-1",
      "Source": "Repository",
      "Repository": "CRAN",
      "Hash": "a996fd0e5636fe2b58ac0f266efbb760",
      "Requirements": [
        "DBI",
        "Rcpp",
        "classInt",
        "s2",
        "units"
      ]
    },
    "stringi": {
      "Package": "stringi",
      "Version": "1.8.7",
      "Source": "CRAN",
      "Repository": "CRAN",
      "RemoteType": "standard",
      "RemotePkgRef": "stringi",
      "RemoteRef": "stringi",
      "RemoteRepos": "https://cran.rstudio.com",
      "RemotePkgPlatform": "aarch64-apple-darwin20",
      "RemoteSha": "1.8.7",
      "Hash": "2b56088e23bdd58f89aebf43a0913457",
      "Requirements": []
    },
    "stringr": {
      "Package": "stringr",
      "Version": "1.6.0",
      "Source": "CRAN",
      "Repository": "CRAN",
      "RemoteType": "standard",
      "RemotePkgRef": "stringr",
      "RemoteRef": "stringr",
      "RemoteRepos": "https://cran.rstudio.com",
      "RemotePkgPlatform": "aarch64-apple-darwin20",
      "RemoteSha": "1.6.0",
      "Hash": "d47392652eedc68bf916657347ff2526",
      "Requirements": [
        "cli",
        "glue",
        "lifecycle",
        "magrittr",
        "rlang",
        "stringi",
        "vctrs"
      ]
    },
    "tibble": {
      "Package": "tibble",
      "Version": "3.3.1",
      "Source": "CRAN",
      "Repository": "CRAN",
      "RemoteType": "standard",
      "RemotePkgRef": "tibble",
      "RemoteRef": "tibble",
      "RemoteRepos": "https://cran.rstudio.com",
      "RemotePkgPlatform": "aarch64-apple-darwin20",
      "RemoteSha": "3.3.1",
      "Hash": "c55df870972551cac674b50cadb2d51f",
      "Requirements": [
        "cli",
        "lifecycle",
        "magrittr",
        "pillar",
        "pkgconfig",
        "rlang",
        "vctrs"
      ]
    },
    "tidyr": {
      "Package": "tidyr",
      "Version": "1.3.2",
      "Source": "CRAN",
      "Repository": "CRAN",
      "RemoteType": "standard",
      "RemotePkgRef": "tidyr",
      "RemoteRef": "tidyr",
      "RemoteRepos": "https://cran.rstudio.com",
      "RemotePkgPlatform": "aarch64-apple-darwin20",
      "RemoteSha": "1.3.2",
      "Hash": "a4fa2f5876396f04814cb9d8d9ab89e9",
      "Requirements": [
        "cli",
        "cpp11",
        "dplyr",
        "glue",
        "lifecycle",
        "magrittr",
        "purrr",
        "rlang",
        "stringr",
        "tibble",
        "tidyselect",
        "vctrs"
      ]
    },
    "tidyselect": {
      "Package": "tidyselect",
      "Version": "1.2.1",
      "Source": "CRAN",
      "Repository": "CRAN",
      "RemoteType": "standard",
      "RemotePkgRef": "tidyselect",
      "RemoteRef": "tidyselect",
      "RemoteRepos": "https://cran.rstudio.com",
      "RemotePkgPlatform": "aarch64-apple-darwin20",
      "RemoteSha": "1.2.1",
      "Hash": "829f27b9c4919c16b593794a6344d6c0",
      "Requirements": [
        "cli",
        "glue",
        "lifecycle",
        "rlang",
        "vctrs",
        "withr"
      ]
    },
    "tzdb": {
      "Package": "tzdb",
      "Version": "0.5.0",
      "Source": "CRAN",
      "Repository": "CRAN",
      "RemoteType": "standard",
      "RemotePkgRef": "tzdb",
      "RemoteRef": "tzdb",
      "RemoteRepos": "https://cran.rstudio.com",
      "RemotePkgPlatform": "aarch64-apple-darwin20",
      "RemoteSha": "0.5.0",
      "Hash": "09e3961e87b7bafa4a9340bbb34aeda8",
      "Requirements": [
        "cpp11"
      ]
    },
    "units": {
      "Package": "units",
      "Version": "1.0-1",
      "Source": "Repository",
      "Repository": "CRAN",
      "Hash": "14743a941151a12449e8af67497c7b96",
      "Requirements": [
        "Rcpp"
      ]
    },
    "utf8": {
      "Package": "utf8",
      "Version": "1.2.6",
      "Source": "CRAN",
      "Repository": "CRAN",
      "RemoteType": "standard",
      "RemotePkgRef": "utf8",
      "RemoteRef": "utf8",
      "RemoteRepos": "https://cran.rstudio.com",
      "RemotePkgPlatform": "aarch64-apple-darwin20",
      "RemoteSha": "1.2.6",
      "Hash": "d526d558be176e9ceb68c3d1e83479b7",
      "Requirements": []
    },
    "vctrs": {
      "Package": "vctrs",
      "Version": "0.7.3",
      "Source": "Repository",
      "Repository": "CRAN",
      "Hash": "2dcde2d30d3ad67bf1d3a37177457b87",
      "Requirements": [
        "cli",
        "glue",
        "lifecycle",
        "rlang"
      ]
    },
    "vroom": {
      "Package": "vroom",
      "Version": "1.7.0",
      "Source": "Repository",
      "Repository": "CRAN",
      "Hash": "255cb6f090718455ff89cbc28cb5eea7",
      "Requirements": [
        "bit64",
        "cli",
        "cpp11",
        "crayon",
        "glue",
        "hms",
        "lifecycle",
        "progress",
        "rlang",
        "tibble",
        "tidyselect",
        "tzdb",
        "vctrs",
        "withr"
      ]
    },
    "whisker": {
      "Package": "whisker",
      "Version": "0.4.1",
      "Source": "CRAN",
      "Repository": "CRAN",
      "RemoteType": "standard",
      "RemotePkgRef": "whisker",
      "RemoteRef": "whisker",
      "RemoteRepos": "https://cran.rstudio.com",
      "RemotePkgPlatform": "aarch64-apple-darwin20",
      "RemoteSha": "0.4.1",
      "Hash": "c6abfa47a46d281a7d5159d0a8891e88",
      "Requirements": []
    },
    "withr": {
      "Package": "withr",
      "Version": "3.0.2",
      "Source": "CRAN",
      "Repository": "CRAN",
      "RemoteType": "standard",
      "RemotePkgRef": "withr",
      "RemoteRef": "withr",
      "RemoteRepos": "https://cran.rstudio.com",
      "RemotePkgPlatform": "aarch64-apple-darwin20",
      "RemoteSha": "3.0.2",
      "Hash": "cc2d62c76458d425210d1eb1478b30b4",
      "Requirements": []
    },
    "wk": {
      "Package": "wk",
      "Version": "0.9.5",
      "Source": "CRAN",
      "Repository": "CRAN",
      "RemoteType": "standard",
      "RemotePkgRef": "wk",
      "RemoteRef": "wk",
      "RemoteRepos": "https://cran.rstudio.com",
      "RemotePkgPlatform": "aarch64-apple-darwin20",
      "RemoteSha": "0.9.5",
      "Hash": "10fb21ed42dbd4ed9162aaab818146e3",
      "Requirements": []
    }
  }
}
